# This file is automatically @generated by Poetry 1.5.1 and should not be changed by hand.

[[package]]
name = "construct"
version = "2.9.52"
description = "A powerful declarative symmetric parser/builder for binary data"
optional = false
python-versions = "*"
files = [
    {file = "construct-2.9.52.tar.gz", hash = "sha256:5e9cacbdedd2b6f706592352fa447ea90f6ca7e9fbb591f747548877d6d8b467"},
]

[package.extras]
extras = ["arrow", "enum34", "numpy", "ruamel.yaml"]

[[package]]
name = "pdbparse"
version = "1.5"
description = "Python parser for Microsoft PDB files"
optional = false
python-versions = "*"
files = [
    {file = "pdbparse-1.5.tar.gz", hash = "sha256:6eb689a1368cec90389cec1e4d65479e79bbd0f1ffa7de13b0812da9194370bc"},
]

[package.dependencies]
construct = ">=2.9,<2.10"
pefile = "*"

[[package]]
name = "pefile"
version = "2023.2.7"
description = "Python PE parsing module"
optional = false
python-versions = ">=3.6.0"
files = [
    {file = "pefile-2023.2.7-py3-none-any.whl", hash = "sha256:da185cd2af68c08a6cd4481f7325ed600a88f6a813bad9dea07ab3ef73d8d8d6"},
    {file = "pefile-2023.2.7.tar.gz", hash = "sha256:82e6114004b3d6911c77c3953e3838654b04511b8b66e8583db70c65998017dc"},
]

[metadata]
lock-version = "2.0"
python-versions = "^3.10"
content-hash = "2cbf8ef9f937cf68cc4383dc342e0a5fa87c97897af6832aa2e2e9c235b7cba1"
